
Microsoft Visual Studio Solution File, Format Version 12.00
# Visual Studio Version 17
VisualStudioVersion = 17.7.34031.279
MinimumVisualStudioVersion = 10.0.40219.1
Project("{FAE04EC0-301F-11D3-BF4B-00C04F79EFBC}") = "Lab03.1", "Lab03.1\Lab03.1.csproj", "{9D07EC2A-E8BF-4D80-895C-A7C235F1AF59}"
EndProject
Global
	GlobalSection(SolutionConfigurationPlatforms) = preSolution
		Debug|Any CPU = Debug|Any CPU
		Release|Any CPU = Release|Any CPU
	EndGlobalSection
	GlobalSection(ProjectConfigurationPlatforms) = postSolution
		{9D07EC2A-E8BF-4D80-895C-A7C235F1AF59}.Debug|Any CPU.ActiveCfg = Debug|Any CPU
		{9D07EC2A-E8BF-4D80-895C-A7C235F1AF59}.Debug|Any CPU.Build.0 = Debug|Any CPU
		{9D07EC2A-E8BF-4D80-895C-A7C235F1AF59}.Release|Any CPU.ActiveCfg = Release|Any CPU
		{9D07EC2A-E8BF-4D80-895C-A7C235F1AF59}.Release|Any CPU.Build.0 = Release|Any CPU
	EndGlobalSection
	GlobalSection(SolutionProperties) = preSolution
		HideSolutionNode = FALSE
	EndGlobalSection
	GlobalSection(ExtensibilityGlobals) = postSolution
		SolutionGuid = {762CC10D-85DE-44B4-8C55-158F6958C8C6}
	EndGlobalSection
EndGlobal
