
Microsoft Visual Studio Solution File, Format Version 12.00
# Visual Studio Version 17
VisualStudioVersion = 17.7.34031.279
MinimumVisualStudioVersion = 10.0.40219.1
Project("{FAE04EC0-301F-11D3-BF4B-00C04F79EFBC}") = "Lab01_ex", "Lab01_ex\Lab01_ex.csproj", "{3EA8DA7B-36E9-4E93-8B3E-717869DE5131}"
EndProject
Global
	GlobalSection(SolutionConfigurationPlatforms) = preSolution
		Debug|Any CPU = Debug|Any CPU
		Release|Any CPU = Release|Any CPU
	EndGlobalSection
	GlobalSection(ProjectConfigurationPlatforms) = postSolution
		{3EA8DA7B-36E9-4E93-8B3E-717869DE5131}.Debug|Any CPU.ActiveCfg = Debug|Any CPU
		{3EA8DA7B-36E9-4E93-8B3E-717869DE5131}.Debug|Any CPU.Build.0 = Debug|Any CPU
		{3EA8DA7B-36E9-4E93-8B3E-717869DE5131}.Release|Any CPU.ActiveCfg = Release|Any CPU
		{3EA8DA7B-36E9-4E93-8B3E-717869DE5131}.Release|Any CPU.Build.0 = Release|Any CPU
	EndGlobalSection
	GlobalSection(SolutionProperties) = preSolution
		HideSolutionNode = FALSE
	EndGlobalSection
	GlobalSection(ExtensibilityGlobals) = postSolution
		SolutionGuid = {5EA8FF02-A0C8-4FB7-A4AE-8AD9EEE1CB76}
	EndGlobalSection
EndGlobal
