
Microsoft Visual Studio Solution File, Format Version 12.00
# Visual Studio Version 17
VisualStudioVersion = 17.7.34031.279
MinimumVisualStudioVersion = 10.0.40219.1
Project("{FAE04EC0-301F-11D3-BF4B-00C04F79EFBC}") = "CSharp08", "CSharp08\CSharp08.csproj", "{0DC8C33B-06E6-47AE-9664-F27593D22C2F}"
EndProject
Project("{FAE04EC0-301F-11D3-BF4B-00C04F79EFBC}") = "Lab08.1", "Lab08.1\Lab08.1.csproj", "{2309F2A7-BB45-4D3C-8D67-CDB3794886AB}"
EndProject
Project("{FAE04EC0-301F-11D3-BF4B-00C04F79EFBC}") = "Lab08.2", "Lab08.2\Lab08.2.csproj", "{79E2AAAC-2D8F-4CA1-A091-DF61F45DB30E}"
EndProject
Project("{FAE04EC0-301F-11D3-BF4B-00C04F79EFBC}") = "Lab08.3", "Lab08.3\Lab08.3.csproj", "{7095D653-4880-4E18-AEE8-73CA86D35116}"
EndProject
Project("{FAE04EC0-301F-11D3-BF4B-00C04F79EFBC}") = "Lab08_ex8.1", "Lab08_ex8.1\Lab08_ex8.1.csproj", "{3ACB55AB-C963-4D05-B33D-C72695596157}"
EndProject
Global
	GlobalSection(SolutionConfigurationPlatforms) = preSolution
		Debug|Any CPU = Debug|Any CPU
		Release|Any CPU = Release|Any CPU
	EndGlobalSection
	GlobalSection(ProjectConfigurationPlatforms) = postSolution
		{0DC8C33B-06E6-47AE-9664-F27593D22C2F}.Debug|Any CPU.ActiveCfg = Debug|Any CPU
		{0DC8C33B-06E6-47AE-9664-F27593D22C2F}.Debug|Any CPU.Build.0 = Debug|Any CPU
		{0DC8C33B-06E6-47AE-9664-F27593D22C2F}.Release|Any CPU.ActiveCfg = Release|Any CPU
		{0DC8C33B-06E6-47AE-9664-F27593D22C2F}.Release|Any CPU.Build.0 = Release|Any CPU
		{2309F2A7-BB45-4D3C-8D67-CDB3794886AB}.Debug|Any CPU.ActiveCfg = Debug|Any CPU
		{2309F2A7-BB45-4D3C-8D67-CDB3794886AB}.Debug|Any CPU.Build.0 = Debug|Any CPU
		{2309F2A7-BB45-4D3C-8D67-CDB3794886AB}.Release|Any CPU.ActiveCfg = Release|Any CPU
		{2309F2A7-BB45-4D3C-8D67-CDB3794886AB}.Release|Any CPU.Build.0 = Release|Any CPU
		{79E2AAAC-2D8F-4CA1-A091-DF61F45DB30E}.Debug|Any CPU.ActiveCfg = Debug|Any CPU
		{79E2AAAC-2D8F-4CA1-A091-DF61F45DB30E}.Debug|Any CPU.Build.0 = Debug|Any CPU
		{79E2AAAC-2D8F-4CA1-A091-DF61F45DB30E}.Release|Any CPU.ActiveCfg = Release|Any CPU
		{79E2AAAC-2D8F-4CA1-A091-DF61F45DB30E}.Release|Any CPU.Build.0 = Release|Any CPU
		{7095D653-4880-4E18-AEE8-73CA86D35116}.Debug|Any CPU.ActiveCfg = Debug|Any CPU
		{7095D653-4880-4E18-AEE8-73CA86D35116}.Debug|Any CPU.Build.0 = Debug|Any CPU
		{7095D653-4880-4E18-AEE8-73CA86D35116}.Release|Any CPU.ActiveCfg = Release|Any CPU
		{7095D653-4880-4E18-AEE8-73CA86D35116}.Release|Any CPU.Build.0 = Release|Any CPU
		{3ACB55AB-C963-4D05-B33D-C72695596157}.Debug|Any CPU.ActiveCfg = Debug|Any CPU
		{3ACB55AB-C963-4D05-B33D-C72695596157}.Debug|Any CPU.Build.0 = Debug|Any CPU
		{3ACB55AB-C963-4D05-B33D-C72695596157}.Release|Any CPU.ActiveCfg = Release|Any CPU
		{3ACB55AB-C963-4D05-B33D-C72695596157}.Release|Any CPU.Build.0 = Release|Any CPU
	EndGlobalSection
	GlobalSection(SolutionProperties) = preSolution
		HideSolutionNode = FALSE
	EndGlobalSection
	GlobalSection(ExtensibilityGlobals) = postSolution
		SolutionGuid = {AC440FB0-B1A8-4215-917D-BB6EB27EA342}
	EndGlobalSection
EndGlobal
