
Microsoft Visual Studio Solution File, Format Version 12.00
# Visual Studio Version 17
VisualStudioVersion = 17.7.34031.279
MinimumVisualStudioVersion = 10.0.40219.1
Project("{FAE04EC0-301F-11D3-BF4B-00C04F79EFBC}") = "Lab05_eg", "Lab05_eg\Lab05_eg.csproj", "{FE1109B7-6645-4F68-8491-240688EEC685}"
EndProject
Global
	GlobalSection(SolutionConfigurationPlatforms) = preSolution
		Debug|Any CPU = Debug|Any CPU
		Release|Any CPU = Release|Any CPU
	EndGlobalSection
	GlobalSection(ProjectConfigurationPlatforms) = postSolution
		{FE1109B7-6645-4F68-8491-240688EEC685}.Debug|Any CPU.ActiveCfg = Debug|Any CPU
		{FE1109B7-6645-4F68-8491-240688EEC685}.Debug|Any CPU.Build.0 = Debug|Any CPU
		{FE1109B7-6645-4F68-8491-240688EEC685}.Release|Any CPU.ActiveCfg = Release|Any CPU
		{FE1109B7-6645-4F68-8491-240688EEC685}.Release|Any CPU.Build.0 = Release|Any CPU
	EndGlobalSection
	GlobalSection(SolutionProperties) = preSolution
		HideSolutionNode = FALSE
	EndGlobalSection
	GlobalSection(ExtensibilityGlobals) = postSolution
		SolutionGuid = {FC6CD497-8831-4748-AB8D-DE07C0C150E2}
	EndGlobalSection
EndGlobal
