
Microsoft Visual Studio Solution File, Format Version 12.00
# Visual Studio Version 17
VisualStudioVersion = 17.7.34031.279
MinimumVisualStudioVersion = 10.0.40219.1
Project("{9A19103F-16F7-4668-BE54-9A1E7A4F7556}") = "CSharp02", "CSharp02\CSharp02.csproj", "{720148B3-ADED-46B9-A1B4-50282DE09EBB}"
EndProject
Project("{9A19103F-16F7-4668-BE54-9A1E7A4F7556}") = "Lap02.0", "Lap02.0\Lap02.0.csproj", "{093849C9-0482-490F-A6F2-0A786DB2EF13}"
EndProject
Project("{9A19103F-16F7-4668-BE54-9A1E7A4F7556}") = "Lab02.1", "Lab02.1\Lab02.1.csproj", "{2B223B7E-52BA-485C-A88C-188411822250}"
EndProject
Project("{9A19103F-16F7-4668-BE54-9A1E7A4F7556}") = "Lab02.2", "Lab02.2\Lab02.2.csproj", "{2601255D-6BF1-4FA1-B599-1222DF050445}"
EndProject
Project("{9A19103F-16F7-4668-BE54-9A1E7A4F7556}") = "Lab02.3", "Lab02.3\Lab02.3.csproj", "{08E7DF5A-DD96-4CD3-8834-5A50A8E250BD}"
EndProject
Project("{9A19103F-16F7-4668-BE54-9A1E7A4F7556}") = "Lab02.4", "Lab02.4\Lab02.4.csproj", "{874FAFA2-20F5-42F4-9EB0-B256F8424C76}"
EndProject
Project("{9A19103F-16F7-4668-BE54-9A1E7A4F7556}") = "Lab02.5", "Lab02.5\Lab02.5.csproj", "{EF5170FF-0AEB-444A-9C6E-2210999219C4}"
EndProject
Project("{9A19103F-16F7-4668-BE54-9A1E7A4F7556}") = "Lab02.6", "Lab02.6\Lab02.6.csproj", "{BDFA5705-BDFB-4023-8E71-D5CB4CC84F80}"
EndProject
Project("{9A19103F-16F7-4668-BE54-9A1E7A4F7556}") = "Lab02_ex2.1", "Lab02_ex2.1\Lab02_ex2.1.csproj", "{5B9B74C1-C44B-4184-A2B3-A3615EC32744}"
EndProject
Project("{9A19103F-16F7-4668-BE54-9A1E7A4F7556}") = "Lab02_ex2.2", "Lab02_ex2.2\Lab02_ex2.2.csproj", "{04F97B97-7648-4A3E-B8FB-AB1071DAC72D}"
EndProject
Project("{9A19103F-16F7-4668-BE54-9A1E7A4F7556}") = "Lab02_ex2.3", "Lab02_ex2.3\Lab02_ex2.3.csproj", "{5358C086-FA7E-4DB7-AE24-B0B1C820C2F4}"
EndProject
Project("{9A19103F-16F7-4668-BE54-9A1E7A4F7556}") = "Lab02_ex2.4", "Lab02_ex2.4\Lab02_ex2.4.csproj", "{88068DE7-4167-4836-9BA5-C2EE630C5D8A}"
EndProject
Project("{9A19103F-16F7-4668-BE54-9A1E7A4F7556}") = "Lab02_ex2.5", "Lab02_ex2.5\Lab02_ex2.5.csproj", "{C4CF2474-4A0C-4C72-9087-12E17D6DC987}"
EndProject
Project("{9A19103F-16F7-4668-BE54-9A1E7A4F7556}") = "Lab02_ex2.6", "Lab02_ex2.6\Lab02_ex2.6.csproj", "{87DB7704-D942-411E-9F0F-95C55FEE5B79}"
EndProject
Project("{FAE04EC0-301F-11D3-BF4B-00C04F79EFBC}") = "Lab02_ex2.7", "Lab02_ex2.7\Lab02_ex2.7.csproj", "{9FCEB052-A29D-427D-BBF5-AC632F9E39F2}"
EndProject
Project("{FAE04EC0-301F-11D3-BF4B-00C04F79EFBC}") = "Lab02_ex2.8", "Lab02_ex2.8\Lab02_ex2.8.csproj", "{25796393-209A-436A-8833-BFBB0590EA38}"
EndProject
Global
	GlobalSection(SolutionConfigurationPlatforms) = preSolution
		Debug|Any CPU = Debug|Any CPU
		Release|Any CPU = Release|Any CPU
	EndGlobalSection
	GlobalSection(ProjectConfigurationPlatforms) = postSolution
		{720148B3-ADED-46B9-A1B4-50282DE09EBB}.Debug|Any CPU.ActiveCfg = Debug|Any CPU
		{720148B3-ADED-46B9-A1B4-50282DE09EBB}.Debug|Any CPU.Build.0 = Debug|Any CPU
		{720148B3-ADED-46B9-A1B4-50282DE09EBB}.Release|Any CPU.ActiveCfg = Release|Any CPU
		{720148B3-ADED-46B9-A1B4-50282DE09EBB}.Release|Any CPU.Build.0 = Release|Any CPU
		{093849C9-0482-490F-A6F2-0A786DB2EF13}.Debug|Any CPU.ActiveCfg = Debug|Any CPU
		{093849C9-0482-490F-A6F2-0A786DB2EF13}.Debug|Any CPU.Build.0 = Debug|Any CPU
		{093849C9-0482-490F-A6F2-0A786DB2EF13}.Release|Any CPU.ActiveCfg = Release|Any CPU
		{093849C9-0482-490F-A6F2-0A786DB2EF13}.Release|Any CPU.Build.0 = Release|Any CPU
		{2B223B7E-52BA-485C-A88C-188411822250}.Debug|Any CPU.ActiveCfg = Debug|Any CPU
		{2B223B7E-52BA-485C-A88C-188411822250}.Debug|Any CPU.Build.0 = Debug|Any CPU
		{2B223B7E-52BA-485C-A88C-188411822250}.Release|Any CPU.ActiveCfg = Release|Any CPU
		{2B223B7E-52BA-485C-A88C-188411822250}.Release|Any CPU.Build.0 = Release|Any CPU
		{2601255D-6BF1-4FA1-B599-1222DF050445}.Debug|Any CPU.ActiveCfg = Debug|Any CPU
		{2601255D-6BF1-4FA1-B599-1222DF050445}.Debug|Any CPU.Build.0 = Debug|Any CPU
		{2601255D-6BF1-4FA1-B599-1222DF050445}.Release|Any CPU.ActiveCfg = Release|Any CPU
		{2601255D-6BF1-4FA1-B599-1222DF050445}.Release|Any CPU.Build.0 = Release|Any CPU
		{08E7DF5A-DD96-4CD3-8834-5A50A8E250BD}.Debug|Any CPU.ActiveCfg = Debug|Any CPU
		{08E7DF5A-DD96-4CD3-8834-5A50A8E250BD}.Debug|Any CPU.Build.0 = Debug|Any CPU
		{08E7DF5A-DD96-4CD3-8834-5A50A8E250BD}.Release|Any CPU.ActiveCfg = Release|Any CPU
		{08E7DF5A-DD96-4CD3-8834-5A50A8E250BD}.Release|Any CPU.Build.0 = Release|Any CPU
		{874FAFA2-20F5-42F4-9EB0-B256F8424C76}.Debug|Any CPU.ActiveCfg = Debug|Any CPU
		{874FAFA2-20F5-42F4-9EB0-B256F8424C76}.Debug|Any CPU.Build.0 = Debug|Any CPU
		{874FAFA2-20F5-42F4-9EB0-B256F8424C76}.Release|Any CPU.ActiveCfg = Release|Any CPU
		{874FAFA2-20F5-42F4-9EB0-B256F8424C76}.Release|Any CPU.Build.0 = Release|Any CPU
		{EF5170FF-0AEB-444A-9C6E-2210999219C4}.Debug|Any CPU.ActiveCfg = Debug|Any CPU
		{EF5170FF-0AEB-444A-9C6E-2210999219C4}.Debug|Any CPU.Build.0 = Debug|Any CPU
		{EF5170FF-0AEB-444A-9C6E-2210999219C4}.Release|Any CPU.ActiveCfg = Release|Any CPU
		{EF5170FF-0AEB-444A-9C6E-2210999219C4}.Release|Any CPU.Build.0 = Release|Any CPU
		{BDFA5705-BDFB-4023-8E71-D5CB4CC84F80}.Debug|Any CPU.ActiveCfg = Debug|Any CPU
		{BDFA5705-BDFB-4023-8E71-D5CB4CC84F80}.Debug|Any CPU.Build.0 = Debug|Any CPU
		{BDFA5705-BDFB-4023-8E71-D5CB4CC84F80}.Release|Any CPU.ActiveCfg = Release|Any CPU
		{BDFA5705-BDFB-4023-8E71-D5CB4CC84F80}.Release|Any CPU.Build.0 = Release|Any CPU
		{5B9B74C1-C44B-4184-A2B3-A3615EC32744}.Debug|Any CPU.ActiveCfg = Debug|Any CPU
		{5B9B74C1-C44B-4184-A2B3-A3615EC32744}.Debug|Any CPU.Build.0 = Debug|Any CPU
		{5B9B74C1-C44B-4184-A2B3-A3615EC32744}.Release|Any CPU.ActiveCfg = Release|Any CPU
		{5B9B74C1-C44B-4184-A2B3-A3615EC32744}.Release|Any CPU.Build.0 = Release|Any CPU
		{04F97B97-7648-4A3E-B8FB-AB1071DAC72D}.Debug|Any CPU.ActiveCfg = Debug|Any CPU
		{04F97B97-7648-4A3E-B8FB-AB1071DAC72D}.Debug|Any CPU.Build.0 = Debug|Any CPU
		{04F97B97-7648-4A3E-B8FB-AB1071DAC72D}.Release|Any CPU.ActiveCfg = Release|Any CPU
		{04F97B97-7648-4A3E-B8FB-AB1071DAC72D}.Release|Any CPU.Build.0 = Release|Any CPU
		{5358C086-FA7E-4DB7-AE24-B0B1C820C2F4}.Debug|Any CPU.ActiveCfg = Debug|Any CPU
		{5358C086-FA7E-4DB7-AE24-B0B1C820C2F4}.Debug|Any CPU.Build.0 = Debug|Any CPU
		{5358C086-FA7E-4DB7-AE24-B0B1C820C2F4}.Release|Any CPU.ActiveCfg = Release|Any CPU
		{5358C086-FA7E-4DB7-AE24-B0B1C820C2F4}.Release|Any CPU.Build.0 = Release|Any CPU
		{88068DE7-4167-4836-9BA5-C2EE630C5D8A}.Debug|Any CPU.ActiveCfg = Debug|Any CPU
		{88068DE7-4167-4836-9BA5-C2EE630C5D8A}.Debug|Any CPU.Build.0 = Debug|Any CPU
		{88068DE7-4167-4836-9BA5-C2EE630C5D8A}.Release|Any CPU.ActiveCfg = Release|Any CPU
		{88068DE7-4167-4836-9BA5-C2EE630C5D8A}.Release|Any CPU.Build.0 = Release|Any CPU
		{C4CF2474-4A0C-4C72-9087-12E17D6DC987}.Debug|Any CPU.ActiveCfg = Debug|Any CPU
		{C4CF2474-4A0C-4C72-9087-12E17D6DC987}.Debug|Any CPU.Build.0 = Debug|Any CPU
		{C4CF2474-4A0C-4C72-9087-12E17D6DC987}.Release|Any CPU.ActiveCfg = Release|Any CPU
		{C4CF2474-4A0C-4C72-9087-12E17D6DC987}.Release|Any CPU.Build.0 = Release|Any CPU
		{87DB7704-D942-411E-9F0F-95C55FEE5B79}.Debug|Any CPU.ActiveCfg = Debug|Any CPU
		{87DB7704-D942-411E-9F0F-95C55FEE5B79}.Debug|Any CPU.Build.0 = Debug|Any CPU
		{87DB7704-D942-411E-9F0F-95C55FEE5B79}.Release|Any CPU.ActiveCfg = Release|Any CPU
		{87DB7704-D942-411E-9F0F-95C55FEE5B79}.Release|Any CPU.Build.0 = Release|Any CPU
		{9FCEB052-A29D-427D-BBF5-AC632F9E39F2}.Debug|Any CPU.ActiveCfg = Debug|Any CPU
		{9FCEB052-A29D-427D-BBF5-AC632F9E39F2}.Debug|Any CPU.Build.0 = Debug|Any CPU
		{9FCEB052-A29D-427D-BBF5-AC632F9E39F2}.Release|Any CPU.ActiveCfg = Release|Any CPU
		{9FCEB052-A29D-427D-BBF5-AC632F9E39F2}.Release|Any CPU.Build.0 = Release|Any CPU
		{25796393-209A-436A-8833-BFBB0590EA38}.Debug|Any CPU.ActiveCfg = Debug|Any CPU
		{25796393-209A-436A-8833-BFBB0590EA38}.Debug|Any CPU.Build.0 = Debug|Any CPU
		{25796393-209A-436A-8833-BFBB0590EA38}.Release|Any CPU.ActiveCfg = Release|Any CPU
		{25796393-209A-436A-8833-BFBB0590EA38}.Release|Any CPU.Build.0 = Release|Any CPU
	EndGlobalSection
	GlobalSection(SolutionProperties) = preSolution
		HideSolutionNode = FALSE
	EndGlobalSection
	GlobalSection(ExtensibilityGlobals) = postSolution
		SolutionGuid = {A9444C53-4E66-47DD-8F1A-1B0F11E4315D}
	EndGlobalSection
EndGlobal
