
Microsoft Visual Studio Solution File, Format Version 12.00
# Visual Studio Version 17
VisualStudioVersion = 17.7.34031.279
MinimumVisualStudioVersion = 10.0.40219.1
Project("{FAE04EC0-301F-11D3-BF4B-00C04F79EFBC}") = "CSharpDev", "CSharpDev\CSharpDev.csproj", "{369F45E5-25C3-4050-BCD6-68A1DBC04A51}"
EndProject
Project("{FAE04EC0-301F-11D3-BF4B-00C04F79EFBC}") = "Lession01", "Lession01\Lession01.csproj", "{439A5478-8B2D-4218-B878-183F10BC6E1A}"
EndProject
Project("{FAE04EC0-301F-11D3-BF4B-00C04F79EFBC}") = "Lession01_Lab01", "Lession01_Lab01\Lession01_Lab01.csproj", "{5506B725-F8B7-4E8F-8847-FFAC19C98551}"
EndProject
Project("{FAE04EC0-301F-11D3-BF4B-00C04F79EFBC}") = "Lession01_ex1", "Lession01_ex1\Lession01_ex1.csproj", "{E3D73038-1E44-4FB1-B187-4BABD2E97EAD}"
EndProject
Project("{FAE04EC0-301F-11D3-BF4B-00C04F79EFBC}") = "Lession01_ex2", "Lession01-ex2\Lession01_ex2.csproj", "{8A93BEB2-03D9-4E01-BCBA-05CF579D55C0}"
EndProject
Global
	GlobalSection(SolutionConfigurationPlatforms) = preSolution
		Debug|Any CPU = Debug|Any CPU
		Release|Any CPU = Release|Any CPU
	EndGlobalSection
	GlobalSection(ProjectConfigurationPlatforms) = postSolution
		{369F45E5-25C3-4050-BCD6-68A1DBC04A51}.Debug|Any CPU.ActiveCfg = Debug|Any CPU
		{369F45E5-25C3-4050-BCD6-68A1DBC04A51}.Debug|Any CPU.Build.0 = Debug|Any CPU
		{369F45E5-25C3-4050-BCD6-68A1DBC04A51}.Release|Any CPU.ActiveCfg = Release|Any CPU
		{369F45E5-25C3-4050-BCD6-68A1DBC04A51}.Release|Any CPU.Build.0 = Release|Any CPU
		{439A5478-8B2D-4218-B878-183F10BC6E1A}.Debug|Any CPU.ActiveCfg = Debug|Any CPU
		{439A5478-8B2D-4218-B878-183F10BC6E1A}.Debug|Any CPU.Build.0 = Debug|Any CPU
		{439A5478-8B2D-4218-B878-183F10BC6E1A}.Release|Any CPU.ActiveCfg = Release|Any CPU
		{439A5478-8B2D-4218-B878-183F10BC6E1A}.Release|Any CPU.Build.0 = Release|Any CPU
		{5506B725-F8B7-4E8F-8847-FFAC19C98551}.Debug|Any CPU.ActiveCfg = Debug|Any CPU
		{5506B725-F8B7-4E8F-8847-FFAC19C98551}.Debug|Any CPU.Build.0 = Debug|Any CPU
		{5506B725-F8B7-4E8F-8847-FFAC19C98551}.Release|Any CPU.ActiveCfg = Release|Any CPU
		{5506B725-F8B7-4E8F-8847-FFAC19C98551}.Release|Any CPU.Build.0 = Release|Any CPU
		{E3D73038-1E44-4FB1-B187-4BABD2E97EAD}.Debug|Any CPU.ActiveCfg = Debug|Any CPU
		{E3D73038-1E44-4FB1-B187-4BABD2E97EAD}.Debug|Any CPU.Build.0 = Debug|Any CPU
		{E3D73038-1E44-4FB1-B187-4BABD2E97EAD}.Release|Any CPU.ActiveCfg = Release|Any CPU
		{E3D73038-1E44-4FB1-B187-4BABD2E97EAD}.Release|Any CPU.Build.0 = Release|Any CPU
		{8A93BEB2-03D9-4E01-BCBA-05CF579D55C0}.Debug|Any CPU.ActiveCfg = Debug|Any CPU
		{8A93BEB2-03D9-4E01-BCBA-05CF579D55C0}.Debug|Any CPU.Build.0 = Debug|Any CPU
		{8A93BEB2-03D9-4E01-BCBA-05CF579D55C0}.Release|Any CPU.ActiveCfg = Release|Any CPU
		{8A93BEB2-03D9-4E01-BCBA-05CF579D55C0}.Release|Any CPU.Build.0 = Release|Any CPU
	EndGlobalSection
	GlobalSection(SolutionProperties) = preSolution
		HideSolutionNode = FALSE
	EndGlobalSection
	GlobalSection(ExtensibilityGlobals) = postSolution
		SolutionGuid = {B2F65BEE-7A4D-44F1-9B6B-C83590DDBF09}
	EndGlobalSection
EndGlobal
