
Microsoft Visual Studio Solution File, Format Version 12.00
# Visual Studio Version 17
VisualStudioVersion = 17.7.34031.279
MinimumVisualStudioVersion = 10.0.40219.1
Project("{9A19103F-16F7-4668-BE54-9A1E7A4F7556}") = "CSharp04", "CSharp04\CSharp04.csproj", "{2F0DF791-10EB-4AB7-B91E-B99C1FF20AAA}"
EndProject
Project("{9A19103F-16F7-4668-BE54-9A1E7A4F7556}") = "Lab04.1", "Lab04.1\Lab04.1.csproj", "{DB3F4B08-A3DD-42EF-8D69-99001F6D2C6C}"
EndProject
Project("{9A19103F-16F7-4668-BE54-9A1E7A4F7556}") = "Lab04.2", "Lab04.2\Lab04.2.csproj", "{8CC60E84-1FF8-4A57-9BFA-F56AF3D92933}"
EndProject
Project("{9A19103F-16F7-4668-BE54-9A1E7A4F7556}") = "Lab04.3", "Lab04.3\Lab04.3.csproj", "{FBE9145D-C9D2-4547-84AC-38A54FCEF49E}"
EndProject
Project("{9A19103F-16F7-4668-BE54-9A1E7A4F7556}") = "Lab04.4", "Lab04.4\Lab04.4.csproj", "{5D472CCE-B826-4685-95C5-A430795A4813}"
EndProject
Project("{9A19103F-16F7-4668-BE54-9A1E7A4F7556}") = "Lab04.5", "Lab04.5\Lab04.5.csproj", "{25DAE754-B9DC-4EBB-8DF5-4DBBF133AB38}"
EndProject
Project("{9A19103F-16F7-4668-BE54-9A1E7A4F7556}") = "Lab04_ex4.1", "Lab04_ex4.1\Lab04_ex4.1.csproj", "{3141483A-D7B9-4E5D-AF4E-1F93DB09C420}"
EndProject
Project("{FAE04EC0-301F-11D3-BF4B-00C04F79EFBC}") = "Lab04_ex4.2", "Lab04_ex4.2\Lab04_ex4.2.csproj", "{D4143EE5-672F-41B8-A1AA-00BE987F4C82}"
EndProject
Global
	GlobalSection(SolutionConfigurationPlatforms) = preSolution
		Debug|Any CPU = Debug|Any CPU
		Release|Any CPU = Release|Any CPU
	EndGlobalSection
	GlobalSection(ProjectConfigurationPlatforms) = postSolution
		{2F0DF791-10EB-4AB7-B91E-B99C1FF20AAA}.Debug|Any CPU.ActiveCfg = Debug|Any CPU
		{2F0DF791-10EB-4AB7-B91E-B99C1FF20AAA}.Debug|Any CPU.Build.0 = Debug|Any CPU
		{2F0DF791-10EB-4AB7-B91E-B99C1FF20AAA}.Release|Any CPU.ActiveCfg = Release|Any CPU
		{2F0DF791-10EB-4AB7-B91E-B99C1FF20AAA}.Release|Any CPU.Build.0 = Release|Any CPU
		{DB3F4B08-A3DD-42EF-8D69-99001F6D2C6C}.Debug|Any CPU.ActiveCfg = Debug|Any CPU
		{DB3F4B08-A3DD-42EF-8D69-99001F6D2C6C}.Debug|Any CPU.Build.0 = Debug|Any CPU
		{DB3F4B08-A3DD-42EF-8D69-99001F6D2C6C}.Release|Any CPU.ActiveCfg = Release|Any CPU
		{DB3F4B08-A3DD-42EF-8D69-99001F6D2C6C}.Release|Any CPU.Build.0 = Release|Any CPU
		{8CC60E84-1FF8-4A57-9BFA-F56AF3D92933}.Debug|Any CPU.ActiveCfg = Debug|Any CPU
		{8CC60E84-1FF8-4A57-9BFA-F56AF3D92933}.Debug|Any CPU.Build.0 = Debug|Any CPU
		{8CC60E84-1FF8-4A57-9BFA-F56AF3D92933}.Release|Any CPU.ActiveCfg = Release|Any CPU
		{8CC60E84-1FF8-4A57-9BFA-F56AF3D92933}.Release|Any CPU.Build.0 = Release|Any CPU
		{FBE9145D-C9D2-4547-84AC-38A54FCEF49E}.Debug|Any CPU.ActiveCfg = Debug|Any CPU
		{FBE9145D-C9D2-4547-84AC-38A54FCEF49E}.Debug|Any CPU.Build.0 = Debug|Any CPU
		{FBE9145D-C9D2-4547-84AC-38A54FCEF49E}.Release|Any CPU.ActiveCfg = Release|Any CPU
		{FBE9145D-C9D2-4547-84AC-38A54FCEF49E}.Release|Any CPU.Build.0 = Release|Any CPU
		{5D472CCE-B826-4685-95C5-A430795A4813}.Debug|Any CPU.ActiveCfg = Debug|Any CPU
		{5D472CCE-B826-4685-95C5-A430795A4813}.Debug|Any CPU.Build.0 = Debug|Any CPU
		{5D472CCE-B826-4685-95C5-A430795A4813}.Release|Any CPU.ActiveCfg = Release|Any CPU
		{5D472CCE-B826-4685-95C5-A430795A4813}.Release|Any CPU.Build.0 = Release|Any CPU
		{25DAE754-B9DC-4EBB-8DF5-4DBBF133AB38}.Debug|Any CPU.ActiveCfg = Debug|Any CPU
		{25DAE754-B9DC-4EBB-8DF5-4DBBF133AB38}.Debug|Any CPU.Build.0 = Debug|Any CPU
		{25DAE754-B9DC-4EBB-8DF5-4DBBF133AB38}.Release|Any CPU.ActiveCfg = Release|Any CPU
		{25DAE754-B9DC-4EBB-8DF5-4DBBF133AB38}.Release|Any CPU.Build.0 = Release|Any CPU
		{3141483A-D7B9-4E5D-AF4E-1F93DB09C420}.Debug|Any CPU.ActiveCfg = Debug|Any CPU
		{3141483A-D7B9-4E5D-AF4E-1F93DB09C420}.Debug|Any CPU.Build.0 = Debug|Any CPU
		{3141483A-D7B9-4E5D-AF4E-1F93DB09C420}.Release|Any CPU.ActiveCfg = Release|Any CPU
		{3141483A-D7B9-4E5D-AF4E-1F93DB09C420}.Release|Any CPU.Build.0 = Release|Any CPU
		{D4143EE5-672F-41B8-A1AA-00BE987F4C82}.Debug|Any CPU.ActiveCfg = Debug|Any CPU
		{D4143EE5-672F-41B8-A1AA-00BE987F4C82}.Debug|Any CPU.Build.0 = Debug|Any CPU
		{D4143EE5-672F-41B8-A1AA-00BE987F4C82}.Release|Any CPU.ActiveCfg = Release|Any CPU
		{D4143EE5-672F-41B8-A1AA-00BE987F4C82}.Release|Any CPU.Build.0 = Release|Any CPU
	EndGlobalSection
	GlobalSection(SolutionProperties) = preSolution
		HideSolutionNode = FALSE
	EndGlobalSection
	GlobalSection(ExtensibilityGlobals) = postSolution
		SolutionGuid = {32D5D764-260C-4FBC-A759-B7878F555FB2}
	EndGlobalSection
EndGlobal
