
Microsoft Visual Studio Solution File, Format Version 12.00
# Visual Studio Version 17
VisualStudioVersion = 17.7.34031.279
MinimumVisualStudioVersion = 10.0.40219.1
Project("{FAE04EC0-301F-11D3-BF4B-00C04F79EFBC}") = "Lab04_ex", "Lab04_ex\Lab04_ex.csproj", "{53008909-D8F7-41F9-A371-794142DD4093}"
EndProject
Global
	GlobalSection(SolutionConfigurationPlatforms) = preSolution
		Debug|Any CPU = Debug|Any CPU
		Release|Any CPU = Release|Any CPU
	EndGlobalSection
	GlobalSection(ProjectConfigurationPlatforms) = postSolution
		{53008909-D8F7-41F9-A371-794142DD4093}.Debug|Any CPU.ActiveCfg = Debug|Any CPU
		{53008909-D8F7-41F9-A371-794142DD4093}.Debug|Any CPU.Build.0 = Debug|Any CPU
		{53008909-D8F7-41F9-A371-794142DD4093}.Release|Any CPU.ActiveCfg = Release|Any CPU
		{53008909-D8F7-41F9-A371-794142DD4093}.Release|Any CPU.Build.0 = Release|Any CPU
	EndGlobalSection
	GlobalSection(SolutionProperties) = preSolution
		HideSolutionNode = FALSE
	EndGlobalSection
	GlobalSection(ExtensibilityGlobals) = postSolution
		SolutionGuid = {516C8BA9-2D4B-4B3C-9ECA-A3946613DF41}
	EndGlobalSection
EndGlobal
